
Microsoft Visual Studio Solution File, Format Version 12.00
# Visual Studio Version 17
VisualStudioVersion = 17.12.35514.174 d17.12
MinimumVisualStudioVersion = 10.0.40219.1
Project("{FAE04EC0-301F-11D3-BF4B-00C04F79EFBC}") = "Rock,Paper,Scisor", "Rock,Paper,Scisor.csproj", "{CDAF8580-839E-4E38-BFE3-FCD3D5F0F74D}"
EndProject
Global
	GlobalSection(SolutionConfigurationPlatforms) = preSolution
		Debug|Any CPU = Debug|Any CPU
		Release|Any CPU = Release|Any CPU
	EndGlobalSection
	GlobalSection(ProjectConfigurationPlatforms) = postSolution
		{CDAF8580-839E-4E38-BFE3-FCD3D5F0F74D}.Debug|Any CPU.ActiveCfg = Debug|Any CPU
		{CDAF8580-839E-4E38-BFE3-FCD3D5F0F74D}.Debug|Any CPU.Build.0 = Debug|Any CPU
		{CDAF8580-839E-4E38-BFE3-FCD3D5F0F74D}.Release|Any CPU.ActiveCfg = Release|Any CPU
		{CDAF8580-839E-4E38-BFE3-FCD3D5F0F74D}.Release|Any CPU.Build.0 = Release|Any CPU
	EndGlobalSection
	GlobalSection(SolutionProperties) = preSolution
		HideSolutionNode = FALSE
	EndGlobalSection
EndGlobal
